
Microsoft Visual Studio Solution File, Format Version 12.00
# Visual Studio Version 17
VisualStudioVersion = 17.10.35122.118
MinimumVisualStudioVersion = 10.0.40219.1
Project("{FAE04EC0-301F-11D3-BF4B-00C04F79EFBC}") = "OpenNPC_CSharp_ver", "OpenNPC_CSharp_ver.csproj", "{C7CE27D7-84C0-4984-99C4-0F86C763F45A}"
EndProject
Global
	GlobalSection(SolutionConfigurationPlatforms) = preSolution
		Debug|Any CPU = Debug|Any CPU
		Release|Any CPU = Release|Any CPU
	EndGlobalSection
	GlobalSection(ProjectConfigurationPlatforms) = postSolution
		{C7CE27D7-84C0-4984-99C4-0F86C763F45A}.Debug|Any CPU.ActiveCfg = Debug|Any CPU
		{C7CE27D7-84C0-4984-99C4-0F86C763F45A}.Debug|Any CPU.Build.0 = Debug|Any CPU
		{C7CE27D7-84C0-4984-99C4-0F86C763F45A}.Release|Any CPU.ActiveCfg = Release|Any CPU
		{C7CE27D7-84C0-4984-99C4-0F86C763F45A}.Release|Any CPU.Build.0 = Release|Any CPU
	EndGlobalSection
	GlobalSection(SolutionProperties) = preSolution
		HideSolutionNode = FALSE
	EndGlobalSection
	GlobalSection(ExtensibilityGlobals) = postSolution
		SolutionGuid = {7C95E32A-33F1-4D8E-BE04-3E55393D017B}
	EndGlobalSection
EndGlobal
